
Microsoft Visual Studio Solution File, Format Version 12.00
# Visual Studio Version 16
VisualStudioVersion = 16.0.30011.22
MinimumVisualStudioVersion = 10.0.40219.1
Project("{FAE04EC0-301F-11D3-BF4B-00C04F79EFBC}") = "OnBoardingTaskApp", "OnBoardingTaskApp\OnBoardingTaskApp.csproj", "{04FB5964-3A3F-4915-9320-C2C617EAAE16}"
EndProject
Global
	GlobalSection(SolutionConfigurationPlatforms) = preSolution
		Debug|Any CPU = Debug|Any CPU
		Release|Any CPU = Release|Any CPU
	EndGlobalSection
	GlobalSection(ProjectConfigurationPlatforms) = postSolution
		{04FB5964-3A3F-4915-9320-C2C617EAAE16}.Debug|Any CPU.ActiveCfg = Debug|Any CPU
		{04FB5964-3A3F-4915-9320-C2C617EAAE16}.Debug|Any CPU.Build.0 = Debug|Any CPU
		{04FB5964-3A3F-4915-9320-C2C617EAAE16}.Release|Any CPU.ActiveCfg = Release|Any CPU
		{04FB5964-3A3F-4915-9320-C2C617EAAE16}.Release|Any CPU.Build.0 = Release|Any CPU
	EndGlobalSection
	GlobalSection(SolutionProperties) = preSolution
		HideSolutionNode = FALSE
	EndGlobalSection
	GlobalSection(ExtensibilityGlobals) = postSolution
		SolutionGuid = {C77EBEC2-F04F-4B3D-AAEF-AC523C1716BA}
	EndGlobalSection
EndGlobal
